
Microsoft Visual Studio Solution File, Format Version 12.00
# Visual Studio Version 16
VisualStudioVersion = 16.0.31410.357
MinimumVisualStudioVersion = 10.0.40219.1
Project("{FAE04EC0-301F-11D3-BF4B-00C04F79EFBC}") = "RockyHorror", "RockyHorror\RockyHorror.csproj", "{E8CDB59A-7AE4-4D9B-A155-0C2EA441F09A}"
EndProject
Global
	GlobalSection(SolutionConfigurationPlatforms) = preSolution
		Debug|Any CPU = Debug|Any CPU
		Release|Any CPU = Release|Any CPU
	EndGlobalSection
	GlobalSection(ProjectConfigurationPlatforms) = postSolution
		{E8CDB59A-7AE4-4D9B-A155-0C2EA441F09A}.Debug|Any CPU.ActiveCfg = Debug|Any CPU
		{E8CDB59A-7AE4-4D9B-A155-0C2EA441F09A}.Debug|Any CPU.Build.0 = Debug|Any CPU
		{E8CDB59A-7AE4-4D9B-A155-0C2EA441F09A}.Release|Any CPU.ActiveCfg = Release|Any CPU
		{E8CDB59A-7AE4-4D9B-A155-0C2EA441F09A}.Release|Any CPU.Build.0 = Release|Any CPU
	EndGlobalSection
	GlobalSection(SolutionProperties) = preSolution
		HideSolutionNode = FALSE
	EndGlobalSection
	GlobalSection(ExtensibilityGlobals) = postSolution
		SolutionGuid = {27647174-69F3-4A34-A45A-97C09D50B1D3}
	EndGlobalSection
EndGlobal
